<?xml version="1.0" encoding="utf-8"?>
<Project ToolsVersion="4.0" xmlns="http://schemas.microsoft.com/developer/msbuild/2003">
  <ItemGroup>
    <Filter Include="Source Files">
      <UniqueIdentifier>{88fa02de-e048-4e2a-b2e2-5d3f22e4495e}</UniqueIdentifier>
      <Extensions>cpp;c;cxx;rc;def;r;odl;idl;hpj;bat</Extensions>
    </Filter>
    <Filter Include="Header Files">
      <UniqueIdentifier>{2d1cfc8e-bccc-4663-bf3a-b0c053f28bd9}</UniqueIdentifier>
      <Extensions>h;hpp;hxx;hm;inl</Extensions>
    </Filter>
  </ItemGroup>
  <ItemGroup>
    <ClCompile Include="cbuffer.c">
      <Filter>Source Files</Filter>
    </ClCompile>
    <ClCompile Include="libedcast.cpp">
      <Filter>Source Files</Filter>
    </ClCompile>
    <ClCompile Include="resample.c">
      <Filter>Source Files</Filter>
    </ClCompile>
    <ClCompile Include="Socket.cpp">
      <Filter>Source Files</Filter>
    </ClCompile>
    <ClCompile Include="Limiters.cpp">
      <Filter>Source Files</Filter>
    </ClCompile>
    <ClCompile Include="saneEdcastConfig.cpp">
      <Filter>Source Files</Filter>
    </ClCompile>
    <ClCompile Include="audioConverter.cpp">
      <Filter>Source Files</Filter>
    </ClCompile>
  </ItemGroup>
  <ItemGroup>
    <ClInclude Include="cbuffer.h">
      <Filter>Header Files</Filter>
    </ClInclude>
    <ClInclude Include="enc_if.h">
      <Filter>Header Files</Filter>
    </ClInclude>
    <ClInclude Include="libedcast.h">
      <Filter>Header Files</Filter>
    </ClInclude>
    <ClInclude Include="libedcast_resample.h">
      <Filter>Header Files</Filter>
    </ClInclude>
    <ClInclude Include="libedcast_socket.h">
      <Filter>Header Files</Filter>
    </ClInclude>
    <ClInclude Include="Limiters.h">
      <Filter>Header Files</Filter>
    </ClInclude>
    <ClInclude Include="saneEdcastConfig.h">
      <Filter>Header Files</Filter>
    </ClInclude>
    <ClInclude Include="audioConverter.h">
      <Filter>Header Files</Filter>
    </ClInclude>
  </ItemGroup>
</Project>